
Microsoft Visual Studio Solution File, Format Version 12.00
# Visual Studio Version 17
VisualStudioVersion = 17.9.34723.18
MinimumVisualStudioVersion = 10.0.40219.1
Project("{9A19103F-16F7-4668-BE54-9A1E7A4F7556}") = "Rips", "Rips\Rips.csproj", "{08CC6242-07AF-4EFD-8DD3-8D68E6A362BC}"
EndProject
Project("{FAE04EC0-301F-11D3-BF4B-00C04F79EFBC}") = "WebApiClient", "WebApiClient\WebApiClient.csproj", "{5729F66E-363A-46F1-BCED-39A0F259CCC2}"
EndProject
Global
	GlobalSection(SolutionConfigurationPlatforms) = preSolution
		Debug|Any CPU = Debug|Any CPU
		Release|Any CPU = Release|Any CPU
	EndGlobalSection
	GlobalSection(ProjectConfigurationPlatforms) = postSolution
		{08CC6242-07AF-4EFD-8DD3-8D68E6A362BC}.Debug|Any CPU.ActiveCfg = Debug|Any CPU
		{08CC6242-07AF-4EFD-8DD3-8D68E6A362BC}.Debug|Any CPU.Build.0 = Debug|Any CPU
		{08CC6242-07AF-4EFD-8DD3-8D68E6A362BC}.Release|Any CPU.ActiveCfg = Release|Any CPU
		{08CC6242-07AF-4EFD-8DD3-8D68E6A362BC}.Release|Any CPU.Build.0 = Release|Any CPU
		{5729F66E-363A-46F1-BCED-39A0F259CCC2}.Debug|Any CPU.ActiveCfg = Debug|Any CPU
		{5729F66E-363A-46F1-BCED-39A0F259CCC2}.Debug|Any CPU.Build.0 = Debug|Any CPU
		{5729F66E-363A-46F1-BCED-39A0F259CCC2}.Release|Any CPU.ActiveCfg = Release|Any CPU
		{5729F66E-363A-46F1-BCED-39A0F259CCC2}.Release|Any CPU.Build.0 = Release|Any CPU
	EndGlobalSection
	GlobalSection(SolutionProperties) = preSolution
		HideSolutionNode = FALSE
	EndGlobalSection
	GlobalSection(ExtensibilityGlobals) = postSolution
		SolutionGuid = {046D8564-5B91-41B8-A40D-AE42F99490BD}
	EndGlobalSection
EndGlobal
